
Microsoft Visual Studio Solution File, Format Version 12.00
# Visual Studio Version 16
VisualStudioVersion = 16.0.30011.22
MinimumVisualStudioVersion = 10.0.40219.1
Project("{FAE04EC0-301F-11D3-BF4B-00C04F79EFBC}") = "Monstrum Extended Settings Mod", "Monstrum Extended Settings Mod.csproj", "{7EE25688-E8C8-4323-A7A5-ACD6C39502FE}"
EndProject
Global
	GlobalSection(SolutionConfigurationPlatforms) = preSolution
		Debug|Any CPU = Debug|Any CPU
		Monstrum|Any CPU = Monstrum|Any CPU
		Release|Any CPU = Release|Any CPU
	EndGlobalSection
	GlobalSection(ProjectConfigurationPlatforms) = postSolution
		{7EE25688-E8C8-4323-A7A5-ACD6C39502FE}.Debug|Any CPU.ActiveCfg = Debug|Any CPU
		{7EE25688-E8C8-4323-A7A5-ACD6C39502FE}.Debug|Any CPU.Build.0 = Debug|Any CPU
		{7EE25688-E8C8-4323-A7A5-ACD6C39502FE}.Monstrum|Any CPU.ActiveCfg = Monstrum|Any CPU
		{7EE25688-E8C8-4323-A7A5-ACD6C39502FE}.Monstrum|Any CPU.Build.0 = Monstrum|Any CPU
		{7EE25688-E8C8-4323-A7A5-ACD6C39502FE}.Release|Any CPU.ActiveCfg = Release|Any CPU
		{7EE25688-E8C8-4323-A7A5-ACD6C39502FE}.Release|Any CPU.Build.0 = Release|Any CPU
	EndGlobalSection
	GlobalSection(SolutionProperties) = preSolution
		HideSolutionNode = FALSE
	EndGlobalSection
	GlobalSection(ExtensibilityGlobals) = postSolution
		SolutionGuid = {36F3367C-1711-42D0-BD20-A8F729D40170}
	EndGlobalSection
EndGlobal
